{
  "name": "@cyoa/dev",
  "version": "1.0.0",
  "lockfileVersion": 2,
  "requires": true,
  "packages": {
    "": {
      "name": "@cyoa/dev",
      "version": "1.0.0",
      "license": "ISC",
      "dependencies": {
        "rethinkdb": "^2.4.2"
      },
      "devDependencies": {
        "@types/node": "^18.0.0",
        "typescript": "^4.7.3"
      }
    },
    "node_modules/@types/node": {
      "version": "18.0.0",
      "resolved": "https://registry.npmjs.org/@types/node/-/node-18.0.0.tgz",
      "integrity": "sha512-cHlGmko4gWLVI27cGJntjs/Sj8th9aYwplmZFwmmgYQQvL5NUsgVJG7OddLvNfLqYS31KFN0s3qlaD9qCaxACA==",
      "dev": true
    },
    "node_modules/bluebird": {
      "version": "2.11.0",
      "resolved": "https://registry.npmjs.org/bluebird/-/bluebird-2.11.0.tgz",
      "integrity": "sha512-UfFSr22dmHPQqPP9XWHRhq+gWnHCYguQGkXQlbyPtW5qTnhFWA8/iXg765tH0cAjy7l/zPJ1aBTO0g5XgA7kvQ=="
    },
    "node_modules/rethinkdb": {
      "version": "2.4.2",
      "resolved": "https://registry.npmjs.org/rethinkdb/-/rethinkdb-2.4.2.tgz",
      "integrity": "sha512-6DzwqEpFc8cqesAdo07a845oBRxLiHvWzopTKBo/uY2ypGWIsJQFJk3wjRDtSEhczxJqLS0jnf37rwgzYAw8NQ==",
      "dependencies": {
        "bluebird": ">= 2.3.2 < 3"
      },
      "engines": {
        "node": ">= 0.10.0"
      }
    },
    "node_modules/typescript": {
      "version": "4.7.3",
      "resolved": "https://registry.npmjs.org/typescript/-/typescript-4.7.3.tgz",
      "integrity": "sha512-WOkT3XYvrpXx4vMMqlD+8R8R37fZkjyLGlxavMc4iB8lrl8L0DeTcHbYgw/v0N/z9wAFsgBhcsF0ruoySS22mA==",
      "dev": true,
      "bin": {
        "tsc": "bin/tsc",
        "tsserver": "bin/tsserver"
      },
      "engines": {
        "node": ">=4.2.0"
      }
    }
  },
  "dependencies": {
    "@types/node": {
      "version": "18.0.0",
      "resolved": "https://registry.npmjs.org/@types/node/-/node-18.0.0.tgz",
      "integrity": "sha512-cHlGmko4gWLVI27cGJntjs/Sj8th9aYwplmZFwmmgYQQvL5NUsgVJG7OddLvNfLqYS31KFN0s3qlaD9qCaxACA==",
      "dev": true
    },
    "bluebird": {
      "version": "2.11.0",
      "resolved": "https://registry.npmjs.org/bluebird/-/bluebird-2.11.0.tgz",
      "integrity": "sha512-UfFSr22dmHPQqPP9XWHRhq+gWnHCYguQGkXQlbyPtW5qTnhFWA8/iXg765tH0cAjy7l/zPJ1aBTO0g5XgA7kvQ=="
    },
    "rethinkdb": {
      "version": "2.4.2",
      "resolved": "https://registry.npmjs.org/rethinkdb/-/rethinkdb-2.4.2.tgz",
      "integrity": "sha512-6DzwqEpFc8cqesAdo07a845oBRxLiHvWzopTKBo/uY2ypGWIsJQFJk3wjRDtSEhczxJqLS0jnf37rwgzYAw8NQ==",
      "requires": {
        "bluebird": ">= 2.3.2 < 3"
      }
    },
    "typescript": {
      "version": "4.7.3",
      "resolved": "https://registry.npmjs.org/typescript/-/typescript-4.7.3.tgz",
      "integrity": "sha512-WOkT3XYvrpXx4vMMqlD+8R8R37fZkjyLGlxavMc4iB8lrl8L0DeTcHbYgw/v0N/z9wAFsgBhcsF0ruoySS22mA==",
      "dev": true
    }
  }
}
